
Microsoft Visual Studio Solution File, Format Version 12.00
# Visual Studio Version 17
VisualStudioVersion = 17.1.32407.343
MinimumVisualStudioVersion = 10.0.40219.1
Project("{9A19103F-16F7-4668-BE54-9A1E7A4F7556}") = "lab1_console", "lab1\lab1_console.csproj", "{A3EAFFE5-C950-419A-AA9F-959F70456029}"
EndProject
Project("{9A19103F-16F7-4668-BE54-9A1E7A4F7556}") = "lab2-winform", "lab2-winForm\lab2-winform.csproj", "{1B599F46-5969-4D4E-863B-7145BEA7882E}"
EndProject
Project("{9A19103F-16F7-4668-BE54-9A1E7A4F7556}") = "lab3-console", "lab3-console\lab3-console.csproj", "{BADE7426-0825-4483-8B16-B17BB6FB0E03}"
EndProject
Project("{9A19103F-16F7-4668-BE54-9A1E7A4F7556}") = "lab3-winform", "lab3-winform\lab3-winform.csproj", "{C4073B77-DB5D-4C70-8CC7-96F7946A5323}"
EndProject
Project("{9A19103F-16F7-4668-BE54-9A1E7A4F7556}") = "lab4-console", "lab4-console\lab4-console.csproj", "{62A95231-E401-4B5A-8F6B-876E43475F1B}"
EndProject
Project("{9A19103F-16F7-4668-BE54-9A1E7A4F7556}") = "lab4-winform", "lab4-winform\lab4-winform.csproj", "{7C785879-DADD-4206-A011-727F0EBEAF83}"
EndProject
Project("{9A19103F-16F7-4668-BE54-9A1E7A4F7556}") = "lab5-winform", "lab5-winform\lab5-winform.csproj", "{948182C6-D494-458F-85FB-CE5926DA7101}"
EndProject
Project("{9A19103F-16F7-4668-BE54-9A1E7A4F7556}") = "lab6-winform", "lab6-winform\lab6-winform.csproj", "{B94DFE1A-28E7-47FF-9D14-06FC96C20AD6}"
EndProject
Project("{9A19103F-16F7-4668-BE54-9A1E7A4F7556}") = "lab7-winform", "lab7-winform\lab7-winform.csproj", "{AEBF6979-AAF4-4A4D-B3EB-FD1DAC4991A6}"
EndProject
Project("{9A19103F-16F7-4668-BE54-9A1E7A4F7556}") = "lab8-winform", "lab8-winform\lab8-winform.csproj", "{909531AB-5EFC-4C73-B857-B3F28402AAE6}"
EndProject
Project("{FAE04EC0-301F-11D3-BF4B-00C04F79EFBC}") = "lab9-winform", "lab9-winform\lab9-winform.csproj", "{08B79A05-B705-4C77-A29F-06A976E1CD18}"
EndProject
Project("{FAE04EC0-301F-11D3-BF4B-00C04F79EFBC}") = "lab10-winform", "lab10-winform\lab10-winform.csproj", "{F52DA832-53B3-4F6A-B047-CCBE1C5A7B16}"
EndProject
Global
	GlobalSection(SolutionConfigurationPlatforms) = preSolution
		Debug|Any CPU = Debug|Any CPU
		Release|Any CPU = Release|Any CPU
	EndGlobalSection
	GlobalSection(ProjectConfigurationPlatforms) = postSolution
		{A3EAFFE5-C950-419A-AA9F-959F70456029}.Debug|Any CPU.ActiveCfg = Debug|Any CPU
		{A3EAFFE5-C950-419A-AA9F-959F70456029}.Debug|Any CPU.Build.0 = Debug|Any CPU
		{A3EAFFE5-C950-419A-AA9F-959F70456029}.Release|Any CPU.ActiveCfg = Release|Any CPU
		{A3EAFFE5-C950-419A-AA9F-959F70456029}.Release|Any CPU.Build.0 = Release|Any CPU
		{1B599F46-5969-4D4E-863B-7145BEA7882E}.Debug|Any CPU.ActiveCfg = Debug|Any CPU
		{1B599F46-5969-4D4E-863B-7145BEA7882E}.Debug|Any CPU.Build.0 = Debug|Any CPU
		{1B599F46-5969-4D4E-863B-7145BEA7882E}.Release|Any CPU.ActiveCfg = Release|Any CPU
		{1B599F46-5969-4D4E-863B-7145BEA7882E}.Release|Any CPU.Build.0 = Release|Any CPU
		{BADE7426-0825-4483-8B16-B17BB6FB0E03}.Debug|Any CPU.ActiveCfg = Debug|Any CPU
		{BADE7426-0825-4483-8B16-B17BB6FB0E03}.Debug|Any CPU.Build.0 = Debug|Any CPU
		{BADE7426-0825-4483-8B16-B17BB6FB0E03}.Release|Any CPU.ActiveCfg = Release|Any CPU
		{BADE7426-0825-4483-8B16-B17BB6FB0E03}.Release|Any CPU.Build.0 = Release|Any CPU
		{C4073B77-DB5D-4C70-8CC7-96F7946A5323}.Debug|Any CPU.ActiveCfg = Debug|Any CPU
		{C4073B77-DB5D-4C70-8CC7-96F7946A5323}.Debug|Any CPU.Build.0 = Debug|Any CPU
		{C4073B77-DB5D-4C70-8CC7-96F7946A5323}.Release|Any CPU.ActiveCfg = Release|Any CPU
		{C4073B77-DB5D-4C70-8CC7-96F7946A5323}.Release|Any CPU.Build.0 = Release|Any CPU
		{62A95231-E401-4B5A-8F6B-876E43475F1B}.Debug|Any CPU.ActiveCfg = Debug|Any CPU
		{62A95231-E401-4B5A-8F6B-876E43475F1B}.Debug|Any CPU.Build.0 = Debug|Any CPU
		{62A95231-E401-4B5A-8F6B-876E43475F1B}.Release|Any CPU.ActiveCfg = Release|Any CPU
		{62A95231-E401-4B5A-8F6B-876E43475F1B}.Release|Any CPU.Build.0 = Release|Any CPU
		{7C785879-DADD-4206-A011-727F0EBEAF83}.Debug|Any CPU.ActiveCfg = Debug|Any CPU
		{7C785879-DADD-4206-A011-727F0EBEAF83}.Debug|Any CPU.Build.0 = Debug|Any CPU
		{7C785879-DADD-4206-A011-727F0EBEAF83}.Release|Any CPU.ActiveCfg = Release|Any CPU
		{7C785879-DADD-4206-A011-727F0EBEAF83}.Release|Any CPU.Build.0 = Release|Any CPU
		{948182C6-D494-458F-85FB-CE5926DA7101}.Debug|Any CPU.ActiveCfg = Debug|Any CPU
		{948182C6-D494-458F-85FB-CE5926DA7101}.Debug|Any CPU.Build.0 = Debug|Any CPU
		{948182C6-D494-458F-85FB-CE5926DA7101}.Release|Any CPU.ActiveCfg = Release|Any CPU
		{948182C6-D494-458F-85FB-CE5926DA7101}.Release|Any CPU.Build.0 = Release|Any CPU
		{B94DFE1A-28E7-47FF-9D14-06FC96C20AD6}.Debug|Any CPU.ActiveCfg = Debug|Any CPU
		{B94DFE1A-28E7-47FF-9D14-06FC96C20AD6}.Debug|Any CPU.Build.0 = Debug|Any CPU
		{B94DFE1A-28E7-47FF-9D14-06FC96C20AD6}.Release|Any CPU.ActiveCfg = Release|Any CPU
		{B94DFE1A-28E7-47FF-9D14-06FC96C20AD6}.Release|Any CPU.Build.0 = Release|Any CPU
		{AEBF6979-AAF4-4A4D-B3EB-FD1DAC4991A6}.Debug|Any CPU.ActiveCfg = Debug|Any CPU
		{AEBF6979-AAF4-4A4D-B3EB-FD1DAC4991A6}.Debug|Any CPU.Build.0 = Debug|Any CPU
		{AEBF6979-AAF4-4A4D-B3EB-FD1DAC4991A6}.Release|Any CPU.ActiveCfg = Release|Any CPU
		{AEBF6979-AAF4-4A4D-B3EB-FD1DAC4991A6}.Release|Any CPU.Build.0 = Release|Any CPU
		{909531AB-5EFC-4C73-B857-B3F28402AAE6}.Debug|Any CPU.ActiveCfg = Debug|Any CPU
		{909531AB-5EFC-4C73-B857-B3F28402AAE6}.Debug|Any CPU.Build.0 = Debug|Any CPU
		{909531AB-5EFC-4C73-B857-B3F28402AAE6}.Release|Any CPU.ActiveCfg = Release|Any CPU
		{909531AB-5EFC-4C73-B857-B3F28402AAE6}.Release|Any CPU.Build.0 = Release|Any CPU
		{08B79A05-B705-4C77-A29F-06A976E1CD18}.Debug|Any CPU.ActiveCfg = Debug|Any CPU
		{08B79A05-B705-4C77-A29F-06A976E1CD18}.Debug|Any CPU.Build.0 = Debug|Any CPU
		{08B79A05-B705-4C77-A29F-06A976E1CD18}.Release|Any CPU.ActiveCfg = Release|Any CPU
		{08B79A05-B705-4C77-A29F-06A976E1CD18}.Release|Any CPU.Build.0 = Release|Any CPU
		{F52DA832-53B3-4F6A-B047-CCBE1C5A7B16}.Debug|Any CPU.ActiveCfg = Debug|Any CPU
		{F52DA832-53B3-4F6A-B047-CCBE1C5A7B16}.Debug|Any CPU.Build.0 = Debug|Any CPU
		{F52DA832-53B3-4F6A-B047-CCBE1C5A7B16}.Release|Any CPU.ActiveCfg = Release|Any CPU
		{F52DA832-53B3-4F6A-B047-CCBE1C5A7B16}.Release|Any CPU.Build.0 = Release|Any CPU
	EndGlobalSection
	GlobalSection(SolutionProperties) = preSolution
		HideSolutionNode = FALSE
	EndGlobalSection
	GlobalSection(ExtensibilityGlobals) = postSolution
		SolutionGuid = {5E8235A1-1453-44FC-A8EA-22FE91F0113A}
	EndGlobalSection
EndGlobal
